
Microsoft Visual Studio Solution File, Format Version 12.00
# Visual Studio Version 17
VisualStudioVersion = 17.13.35931.197
MinimumVisualStudioVersion = 10.0.40219.1
Project("{FAE04EC0-301F-11D3-BF4B-00C04F79EFBC}") = "CDHelper", "CDHelper\CDHelper.csproj", "{80F856C9-26D6-4B79-8424-3C65DBA1B84A}"
EndProject
Project("{FAE04EC0-301F-11D3-BF4B-00C04F79EFBC}") = "Xabbo.Core", "..\xabbocore\src\Xabbo.Core\Xabbo.Core.csproj", "{46493C76-DC59-542F-8A4F-203ABDF5FEF2}"
EndProject
Global
	GlobalSection(SolutionConfigurationPlatforms) = preSolution
		Debug|Any CPU = Debug|Any CPU
		Release|Any CPU = Release|Any CPU
	EndGlobalSection
	GlobalSection(ProjectConfigurationPlatforms) = postSolution
		{80F856C9-26D6-4B79-8424-3C65DBA1B84A}.Debug|Any CPU.ActiveCfg = Debug|Any CPU
		{80F856C9-26D6-4B79-8424-3C65DBA1B84A}.Debug|Any CPU.Build.0 = Debug|Any CPU
		{80F856C9-26D6-4B79-8424-3C65DBA1B84A}.Release|Any CPU.ActiveCfg = Release|Any CPU
		{80F856C9-26D6-4B79-8424-3C65DBA1B84A}.Release|Any CPU.Build.0 = Release|Any CPU
		{46493C76-DC59-542F-8A4F-203ABDF5FEF2}.Debug|Any CPU.ActiveCfg = Debug|Any CPU
		{46493C76-DC59-542F-8A4F-203ABDF5FEF2}.Debug|Any CPU.Build.0 = Debug|Any CPU
		{46493C76-DC59-542F-8A4F-203ABDF5FEF2}.Release|Any CPU.ActiveCfg = Release|Any CPU
		{46493C76-DC59-542F-8A4F-203ABDF5FEF2}.Release|Any CPU.Build.0 = Release|Any CPU
	EndGlobalSection
	GlobalSection(SolutionProperties) = preSolution
		HideSolutionNode = FALSE
	EndGlobalSection
	GlobalSection(ExtensibilityGlobals) = postSolution
		SolutionGuid = {407279FD-4C6D-4FDA-AD83-4F102BE99A5F}
	EndGlobalSection
EndGlobal
